
Microsoft Visual Studio Solution File, Format Version 12.00
# Visual Studio Version 16
VisualStudioVersion = 16.0.32126.315
MinimumVisualStudioVersion = 10.0.40219.1
Project("{FAE04EC0-301F-11D3-BF4B-00C04F79EFBC}") = "task3", "task3\task3.csproj", "{864BF07F-698E-4D01-881C-09A1391EA76B}"
EndProject
Global
	GlobalSection(SolutionConfigurationPlatforms) = preSolution
		Debug|Any CPU = Debug|Any CPU
		Release|Any CPU = Release|Any CPU
	EndGlobalSection
	GlobalSection(ProjectConfigurationPlatforms) = postSolution
		{864BF07F-698E-4D01-881C-09A1391EA76B}.Debug|Any CPU.ActiveCfg = Debug|Any CPU
		{864BF07F-698E-4D01-881C-09A1391EA76B}.Debug|Any CPU.Build.0 = Debug|Any CPU
		{864BF07F-698E-4D01-881C-09A1391EA76B}.Release|Any CPU.ActiveCfg = Release|Any CPU
		{864BF07F-698E-4D01-881C-09A1391EA76B}.Release|Any CPU.Build.0 = Release|Any CPU
	EndGlobalSection
	GlobalSection(SolutionProperties) = preSolution
		HideSolutionNode = FALSE
	EndGlobalSection
	GlobalSection(ExtensibilityGlobals) = postSolution
		SolutionGuid = {804D9CB6-918E-45E3-9448-83BDB995AF87}
	EndGlobalSection
EndGlobal
